
Microsoft Visual Studio Solution File, Format Version 12.00
# Visual Studio Version 17
VisualStudioVersion = 17.3.32901.215
MinimumVisualStudioVersion = 10.0.40219.1
Project("{FAE04EC0-301F-11D3-BF4B-00C04F79EFBC}") = "LibraryManagement", "LibraryManagement\LibraryManagement.csproj", "{6A0C686D-EEA0-4E5F-9541-16F67728A5FE}"
EndProject
Project("{FAE04EC0-301F-11D3-BF4B-00C04F79EFBC}") = "LibraryManagement.Core", "LibraryManagement.Core\LibraryManagement.Core.csproj", "{99C99457-0E6A-47ED-A7DD-C57332787687}"
EndProject
Project("{FAE04EC0-301F-11D3-BF4B-00C04F79EFBC}") = "LibraryManagement.Infrastructure", "LibraryManagement.Infrastructure\LibraryManagement.Infrastructure.csproj", "{AC146F6D-4AE2-4B02-877C-35DF378EAB93}"
EndProject
Project("{FAE04EC0-301F-11D3-BF4B-00C04F79EFBC}") = "LibraryManagement.UnitTests", "LibraryManagement.UnitTests\LibraryManagement.UnitTests.csproj", "{D7E9AB79-8C4F-41EB-AA53-FE654248F0B7}"
EndProject
Global
	GlobalSection(SolutionConfigurationPlatforms) = preSolution
		Debug|Any CPU = Debug|Any CPU
		Release|Any CPU = Release|Any CPU
	EndGlobalSection
	GlobalSection(ProjectConfigurationPlatforms) = postSolution
		{6A0C686D-EEA0-4E5F-9541-16F67728A5FE}.Debug|Any CPU.ActiveCfg = Debug|Any CPU
		{6A0C686D-EEA0-4E5F-9541-16F67728A5FE}.Debug|Any CPU.Build.0 = Debug|Any CPU
		{6A0C686D-EEA0-4E5F-9541-16F67728A5FE}.Release|Any CPU.ActiveCfg = Release|Any CPU
		{6A0C686D-EEA0-4E5F-9541-16F67728A5FE}.Release|Any CPU.Build.0 = Release|Any CPU
		{99C99457-0E6A-47ED-A7DD-C57332787687}.Debug|Any CPU.ActiveCfg = Debug|Any CPU
		{99C99457-0E6A-47ED-A7DD-C57332787687}.Debug|Any CPU.Build.0 = Debug|Any CPU
		{99C99457-0E6A-47ED-A7DD-C57332787687}.Release|Any CPU.ActiveCfg = Release|Any CPU
		{99C99457-0E6A-47ED-A7DD-C57332787687}.Release|Any CPU.Build.0 = Release|Any CPU
		{AC146F6D-4AE2-4B02-877C-35DF378EAB93}.Debug|Any CPU.ActiveCfg = Debug|Any CPU
		{AC146F6D-4AE2-4B02-877C-35DF378EAB93}.Debug|Any CPU.Build.0 = Debug|Any CPU
		{AC146F6D-4AE2-4B02-877C-35DF378EAB93}.Release|Any CPU.ActiveCfg = Release|Any CPU
		{AC146F6D-4AE2-4B02-877C-35DF378EAB93}.Release|Any CPU.Build.0 = Release|Any CPU
		{D7E9AB79-8C4F-41EB-AA53-FE654248F0B7}.Debug|Any CPU.ActiveCfg = Debug|Any CPU
		{D7E9AB79-8C4F-41EB-AA53-FE654248F0B7}.Debug|Any CPU.Build.0 = Debug|Any CPU
		{D7E9AB79-8C4F-41EB-AA53-FE654248F0B7}.Release|Any CPU.ActiveCfg = Release|Any CPU
		{D7E9AB79-8C4F-41EB-AA53-FE654248F0B7}.Release|Any CPU.Build.0 = Release|Any CPU
	EndGlobalSection
	GlobalSection(SolutionProperties) = preSolution
		HideSolutionNode = FALSE
	EndGlobalSection
	GlobalSection(ExtensibilityGlobals) = postSolution
		SolutionGuid = {33AA7716-8ABF-4924-B056-2CE44F0753C5}
	EndGlobalSection
EndGlobal
